
Microsoft Visual Studio Solution File, Format Version 12.00
# Visual Studio Version 17
VisualStudioVersion = 17.14.36414.22 d17.14
MinimumVisualStudioVersion = 10.0.40219.1
Project("{FAE04EC0-301F-11D3-BF4B-00C04F79EFBC}") = "UI", "UI\UI.csproj", "{2100018A-5FFC-451F-A9EA-146EE39E9DAF}"
EndProject
Global
	GlobalSection(SolutionConfigurationPlatforms) = preSolution
		Debug|Any CPU = Debug|Any CPU
		Release|Any CPU = Release|Any CPU
	EndGlobalSection
	GlobalSection(ProjectConfigurationPlatforms) = postSolution
		{2100018A-5FFC-451F-A9EA-146EE39E9DAF}.Debug|Any CPU.ActiveCfg = Debug|Any CPU
		{2100018A-5FFC-451F-A9EA-146EE39E9DAF}.Debug|Any CPU.Build.0 = Debug|Any CPU
		{2100018A-5FFC-451F-A9EA-146EE39E9DAF}.Release|Any CPU.ActiveCfg = Release|Any CPU
		{2100018A-5FFC-451F-A9EA-146EE39E9DAF}.Release|Any CPU.Build.0 = Release|Any CPU
	EndGlobalSection
	GlobalSection(SolutionProperties) = preSolution
		HideSolutionNode = FALSE
	EndGlobalSection
	GlobalSection(ExtensibilityGlobals) = postSolution
		SolutionGuid = {99B20785-0BB9-4150-8BFD-95719C530441}
	EndGlobalSection
EndGlobal
