
Microsoft Visual Studio Solution File, Format Version 12.00
# Visual Studio Version 17
VisualStudioVersion = 17.14.36414.22 d17.14
MinimumVisualStudioVersion = 10.0.40219.1
Project("{FAE04EC0-301F-11D3-BF4B-00C04F79EFBC}") = "UI", "UI\UI.csproj", "{2100018A-5FFC-451F-A9EA-146EE39E9DAF}"
EndProject
Project("{FAE04EC0-301F-11D3-BF4B-00C04F79EFBC}") = "DAL", "DAL\DAL.csproj", "{CD9E3B7E-33E5-45F4-BA3A-8206B423BD8B}"
EndProject
Project("{FAE04EC0-301F-11D3-BF4B-00C04F79EFBC}") = "BLL", "BLL\BLL.csproj", "{52192C22-4691-4A9E-966B-483D5A5984FB}"
EndProject
Project("{FAE04EC0-301F-11D3-BF4B-00C04F79EFBC}") = "BE", "BE\BE.csproj", "{398B94C7-5E4A-4437-B841-6524480AEA47}"
EndProject
Project("{FAE04EC0-301F-11D3-BF4B-00C04F79EFBC}") = "MPP", "MPP\MPP.csproj", "{AABE8341-66B6-462A-8991-D2FD72B9AFB4}"
EndProject
Global
	GlobalSection(SolutionConfigurationPlatforms) = preSolution
		Debug|Any CPU = Debug|Any CPU
		Release|Any CPU = Release|Any CPU
	EndGlobalSection
	GlobalSection(ProjectConfigurationPlatforms) = postSolution
		{2100018A-5FFC-451F-A9EA-146EE39E9DAF}.Debug|Any CPU.ActiveCfg = Debug|Any CPU
		{2100018A-5FFC-451F-A9EA-146EE39E9DAF}.Debug|Any CPU.Build.0 = Debug|Any CPU
		{2100018A-5FFC-451F-A9EA-146EE39E9DAF}.Release|Any CPU.ActiveCfg = Release|Any CPU
		{2100018A-5FFC-451F-A9EA-146EE39E9DAF}.Release|Any CPU.Build.0 = Release|Any CPU
		{CD9E3B7E-33E5-45F4-BA3A-8206B423BD8B}.Debug|Any CPU.ActiveCfg = Debug|Any CPU
		{CD9E3B7E-33E5-45F4-BA3A-8206B423BD8B}.Debug|Any CPU.Build.0 = Debug|Any CPU
		{CD9E3B7E-33E5-45F4-BA3A-8206B423BD8B}.Release|Any CPU.ActiveCfg = Release|Any CPU
		{CD9E3B7E-33E5-45F4-BA3A-8206B423BD8B}.Release|Any CPU.Build.0 = Release|Any CPU
		{52192C22-4691-4A9E-966B-483D5A5984FB}.Debug|Any CPU.ActiveCfg = Debug|Any CPU
		{52192C22-4691-4A9E-966B-483D5A5984FB}.Debug|Any CPU.Build.0 = Debug|Any CPU
		{52192C22-4691-4A9E-966B-483D5A5984FB}.Release|Any CPU.ActiveCfg = Release|Any CPU
		{52192C22-4691-4A9E-966B-483D5A5984FB}.Release|Any CPU.Build.0 = Release|Any CPU
		{398B94C7-5E4A-4437-B841-6524480AEA47}.Debug|Any CPU.ActiveCfg = Debug|Any CPU
		{398B94C7-5E4A-4437-B841-6524480AEA47}.Debug|Any CPU.Build.0 = Debug|Any CPU
		{398B94C7-5E4A-4437-B841-6524480AEA47}.Release|Any CPU.ActiveCfg = Release|Any CPU
		{398B94C7-5E4A-4437-B841-6524480AEA47}.Release|Any CPU.Build.0 = Release|Any CPU
		{AABE8341-66B6-462A-8991-D2FD72B9AFB4}.Debug|Any CPU.ActiveCfg = Debug|Any CPU
		{AABE8341-66B6-462A-8991-D2FD72B9AFB4}.Debug|Any CPU.Build.0 = Debug|Any CPU
		{AABE8341-66B6-462A-8991-D2FD72B9AFB4}.Release|Any CPU.ActiveCfg = Release|Any CPU
		{AABE8341-66B6-462A-8991-D2FD72B9AFB4}.Release|Any CPU.Build.0 = Release|Any CPU
	EndGlobalSection
	GlobalSection(SolutionProperties) = preSolution
		HideSolutionNode = FALSE
	EndGlobalSection
	GlobalSection(ExtensibilityGlobals) = postSolution
		SolutionGuid = {99B20785-0BB9-4150-8BFD-95719C530441}
	EndGlobalSection
EndGlobal
